
Microsoft Visual Studio Solution File, Format Version 12.00
# Visual Studio Version 17
VisualStudioVersion = 17.11.35327.3
MinimumVisualStudioVersion = 10.0.40219.1
Project("{9A19103F-16F7-4668-BE54-9A1E7A4F7556}") = "hangfire.agent", "hangfire.agent.csproj", "{B210F0A6-D00B-4A20-88D4-5032EBA9D218}"
EndProject
Global
	GlobalSection(SolutionConfigurationPlatforms) = preSolution
		Debug|Any CPU = Debug|Any CPU
		Release|Any CPU = Release|Any CPU
	EndGlobalSection
	GlobalSection(ProjectConfigurationPlatforms) = postSolution
		{B210F0A6-D00B-4A20-88D4-5032EBA9D218}.Debug|Any CPU.ActiveCfg = Debug|Any CPU
		{B210F0A6-D00B-4A20-88D4-5032EBA9D218}.Debug|Any CPU.Build.0 = Debug|Any CPU
		{B210F0A6-D00B-4A20-88D4-5032EBA9D218}.Release|Any CPU.ActiveCfg = Release|Any CPU
		{B210F0A6-D00B-4A20-88D4-5032EBA9D218}.Release|Any CPU.Build.0 = Release|Any CPU
	EndGlobalSection
	GlobalSection(SolutionProperties) = preSolution
		HideSolutionNode = FALSE
	EndGlobalSection
	GlobalSection(ExtensibilityGlobals) = postSolution
		SolutionGuid = {B5157AF5-B1CA-46BB-AEC2-72EF91E97149}
	EndGlobalSection
EndGlobal
